
Microsoft Visual Studio Solution File, Format Version 12.00
# Visual Studio Version 17
VisualStudioVersion = 17.6.33829.357
MinimumVisualStudioVersion = 10.0.40219.1
Project("{9A19103F-16F7-4668-BE54-9A1E7A4F7556}") = "BinaryTrees", "BinaryTrees\BinaryTrees.csproj", "{983A878E-48B5-4C84-9A42-ED851E92CB43}"
EndProject
Project("{FAE04EC0-301F-11D3-BF4B-00C04F79EFBC}") = "MyTree", "MyTree\MyTree.csproj", "{EC19D761-5958-4CDE-B253-50FF34B3C36A}"
EndProject
Global
	GlobalSection(SolutionConfigurationPlatforms) = preSolution
		Debug|Any CPU = Debug|Any CPU
		Release|Any CPU = Release|Any CPU
	EndGlobalSection
	GlobalSection(ProjectConfigurationPlatforms) = postSolution
		{983A878E-48B5-4C84-9A42-ED851E92CB43}.Debug|Any CPU.ActiveCfg = Debug|Any CPU
		{983A878E-48B5-4C84-9A42-ED851E92CB43}.Debug|Any CPU.Build.0 = Debug|Any CPU
		{983A878E-48B5-4C84-9A42-ED851E92CB43}.Release|Any CPU.ActiveCfg = Release|Any CPU
		{983A878E-48B5-4C84-9A42-ED851E92CB43}.Release|Any CPU.Build.0 = Release|Any CPU
		{EC19D761-5958-4CDE-B253-50FF34B3C36A}.Debug|Any CPU.ActiveCfg = Debug|Any CPU
		{EC19D761-5958-4CDE-B253-50FF34B3C36A}.Debug|Any CPU.Build.0 = Debug|Any CPU
		{EC19D761-5958-4CDE-B253-50FF34B3C36A}.Release|Any CPU.ActiveCfg = Release|Any CPU
		{EC19D761-5958-4CDE-B253-50FF34B3C36A}.Release|Any CPU.Build.0 = Release|Any CPU
	EndGlobalSection
	GlobalSection(SolutionProperties) = preSolution
		HideSolutionNode = FALSE
	EndGlobalSection
	GlobalSection(ExtensibilityGlobals) = postSolution
		SolutionGuid = {E203134B-F13E-411F-8138-FB52B86FD7DC}
	EndGlobalSection
EndGlobal
